
Microsoft Visual Studio Solution File, Format Version 12.00
# Visual Studio Version 17
VisualStudioVersion = 17.10.35122.118
MinimumVisualStudioVersion = 10.0.40219.1
Project("{FAE04EC0-301F-11D3-BF4B-00C04F79EFBC}") = "SafeCity.BrokerConnection", "SafeCity.ProviderBrokerConnection\SafeCity.BrokerConnection.csproj", "{CC37AF23-6864-492F-9D5B-51ADAD5F861F}"
EndProject
Project("{FAE04EC0-301F-11D3-BF4B-00C04F79EFBC}") = "SafeCity.BrokerConsumer", "SafeCity.BrokerConsumer\SafeCity.BrokerConsumer.csproj", "{5F23CA8D-F7A4-4E8F-9ACB-9B8380A499AF}"
EndProject
Project("{FAE04EC0-301F-11D3-BF4B-00C04F79EFBC}") = "SafeCity.BrokerProducer", "SafeCity.BrokerProducer\SafeCity.BrokerProducer.csproj", "{8A329037-C5E9-400A-9309-78B51A959067}"
EndProject
Project("{FAE04EC0-301F-11D3-BF4B-00C04F79EFBC}") = "SafeCity.Business", "SafeCity.Business\SafeCity.Business.csproj", "{8B3E9BEC-A67B-4DAD-881A-4BDB4C954477}"
EndProject
Project("{FAE04EC0-301F-11D3-BF4B-00C04F79EFBC}") = "SafeCity.DataGenerator", "SafeCity.DataGeneratorTestApi\SafeCity.DataGenerator.csproj", "{319046A8-6408-4BAF-821A-59EB1D589745}"
EndProject
Global
	GlobalSection(SolutionConfigurationPlatforms) = preSolution
		Debug|Any CPU = Debug|Any CPU
		Release|Any CPU = Release|Any CPU
	EndGlobalSection
	GlobalSection(ProjectConfigurationPlatforms) = postSolution
		{CC37AF23-6864-492F-9D5B-51ADAD5F861F}.Debug|Any CPU.ActiveCfg = Debug|Any CPU
		{CC37AF23-6864-492F-9D5B-51ADAD5F861F}.Debug|Any CPU.Build.0 = Debug|Any CPU
		{CC37AF23-6864-492F-9D5B-51ADAD5F861F}.Release|Any CPU.ActiveCfg = Release|Any CPU
		{CC37AF23-6864-492F-9D5B-51ADAD5F861F}.Release|Any CPU.Build.0 = Release|Any CPU
		{5F23CA8D-F7A4-4E8F-9ACB-9B8380A499AF}.Debug|Any CPU.ActiveCfg = Debug|Any CPU
		{5F23CA8D-F7A4-4E8F-9ACB-9B8380A499AF}.Debug|Any CPU.Build.0 = Debug|Any CPU
		{5F23CA8D-F7A4-4E8F-9ACB-9B8380A499AF}.Release|Any CPU.ActiveCfg = Release|Any CPU
		{5F23CA8D-F7A4-4E8F-9ACB-9B8380A499AF}.Release|Any CPU.Build.0 = Release|Any CPU
		{8A329037-C5E9-400A-9309-78B51A959067}.Debug|Any CPU.ActiveCfg = Debug|Any CPU
		{8A329037-C5E9-400A-9309-78B51A959067}.Debug|Any CPU.Build.0 = Debug|Any CPU
		{8A329037-C5E9-400A-9309-78B51A959067}.Release|Any CPU.ActiveCfg = Release|Any CPU
		{8A329037-C5E9-400A-9309-78B51A959067}.Release|Any CPU.Build.0 = Release|Any CPU
		{8B3E9BEC-A67B-4DAD-881A-4BDB4C954477}.Debug|Any CPU.ActiveCfg = Debug|Any CPU
		{8B3E9BEC-A67B-4DAD-881A-4BDB4C954477}.Debug|Any CPU.Build.0 = Debug|Any CPU
		{8B3E9BEC-A67B-4DAD-881A-4BDB4C954477}.Release|Any CPU.ActiveCfg = Release|Any CPU
		{8B3E9BEC-A67B-4DAD-881A-4BDB4C954477}.Release|Any CPU.Build.0 = Release|Any CPU
		{319046A8-6408-4BAF-821A-59EB1D589745}.Debug|Any CPU.ActiveCfg = Debug|Any CPU
		{319046A8-6408-4BAF-821A-59EB1D589745}.Debug|Any CPU.Build.0 = Debug|Any CPU
		{319046A8-6408-4BAF-821A-59EB1D589745}.Release|Any CPU.ActiveCfg = Release|Any CPU
		{319046A8-6408-4BAF-821A-59EB1D589745}.Release|Any CPU.Build.0 = Release|Any CPU
	EndGlobalSection
	GlobalSection(SolutionProperties) = preSolution
		HideSolutionNode = FALSE
	EndGlobalSection
	GlobalSection(ExtensibilityGlobals) = postSolution
		SolutionGuid = {9D4485B1-16A8-4685-BB91-F0332847E32E}
	EndGlobalSection
EndGlobal
